
Microsoft Visual Studio Solution File, Format Version 12.00
# Visual Studio Version 17
VisualStudioVersion = 17.0.31903.59
MinimumVisualStudioVersion = 10.0.40219.1
Project("{2150E333-8FDC-42A3-9474-1A3956D46DE8}") = "src", "src", "{827E0CD3-B72D-47B6-A68D-7590B98EB39B}"
EndProject
Project("{2150E333-8FDC-42A3-9474-1A3956D46DE8}") = "BuildingBlocks", "BuildingBlocks", "{90298CBA-BD6F-3A0A-69D5-97CAD7B05E7E}"
EndProject
Project("{FAE04EC0-301F-11D3-BF4B-00C04F79EFBC}") = "Common", "src\BuildingBlocks\Common\Common.csproj", "{EDF1CC1F-00EA-47D1-A35E-EB5767F82928}"
EndProject
Project("{FAE04EC0-301F-11D3-BF4B-00C04F79EFBC}") = "EventBus", "src\BuildingBlocks\EventBus\EventBus.csproj", "{E0CD8D51-4CF0-4D82-9385-FCD7E48C786E}"
EndProject
Project("{FAE04EC0-301F-11D3-BF4B-00C04F79EFBC}") = "Infrastructure", "src\BuildingBlocks\Infrastructure\Infrastructure.csproj", "{9E24C18A-10A6-4364-92B5-8F49B179EDBD}"
EndProject
Project("{2150E333-8FDC-42A3-9474-1A3956D46DE8}") = "Services", "Services", "{984BB9B3-3FA3-BE33-9484-CAC21695A33C}"
EndProject
Project("{2150E333-8FDC-42A3-9474-1A3956D46DE8}") = "Auth", "Auth", "{473EF3C4-73FA-6715-AA3C-7C7929374EED}"
EndProject
Project("{FAE04EC0-301F-11D3-BF4B-00C04F79EFBC}") = "Auth.API", "src\Services\Auth\Auth.API\Auth.API.csproj", "{869CB542-6A34-443E-8572-E86512745F55}"
EndProject
Project("{FAE04EC0-301F-11D3-BF4B-00C04F79EFBC}") = "Auth.Domain", "src\Services\Auth\Auth.Domain\Auth.Domain.csproj", "{0742475A-DC6C-4A71-8E61-CA68684963B7}"
EndProject
Project("{FAE04EC0-301F-11D3-BF4B-00C04F79EFBC}") = "Auth.Infrastructure", "src\Services\Auth\Auth.Infrastructure\Auth.Infrastructure.csproj", "{173761B4-ED04-49CD-80E8-D006F3FED36A}"
EndProject
Project("{2150E333-8FDC-42A3-9474-1A3956D46DE8}") = "User", "User", "{6792783D-ADFB-1DC9-8301-92642CD8F804}"
EndProject
Project("{FAE04EC0-301F-11D3-BF4B-00C04F79EFBC}") = "User.API", "src\Services\User\User.API\User.API.csproj", "{418F7676-634C-4442-83EB-FE7A6962791A}"
EndProject
Project("{FAE04EC0-301F-11D3-BF4B-00C04F79EFBC}") = "User.Domain", "src\Services\User\User.Domain\User.Domain.csproj", "{C0634F81-2A27-48E0-B76F-8659B136DF29}"
EndProject
Project("{FAE04EC0-301F-11D3-BF4B-00C04F79EFBC}") = "User.Infrastructure", "src\Services\User\User.Infrastructure\User.Infrastructure.csproj", "{DBED5041-72FF-4848-B840-77458D425321}"
EndProject
Project("{2150E333-8FDC-42A3-9474-1A3956D46DE8}") = "Payment", "Payment", "{3FB03296-F262-2760-9861-73C41AF3766C}"
EndProject
Project("{FAE04EC0-301F-11D3-BF4B-00C04F79EFBC}") = "Payment.API", "src\Services\Payment\Payment.API\Payment.API.csproj", "{5EAC2A0F-71C4-4798-B107-79401059AF87}"
EndProject
Project("{FAE04EC0-301F-11D3-BF4B-00C04F79EFBC}") = "Payment.Domain", "src\Services\Payment\Payment.Domain\Payment.Domain.csproj", "{747BEA04-3FE1-4AA1-B5D1-D1BFF0A0A070}"
EndProject
Project("{FAE04EC0-301F-11D3-BF4B-00C04F79EFBC}") = "Payment.Infrastructure", "src\Services\Payment\Payment.Infrastructure\Payment.Infrastructure.csproj", "{E95986C8-0321-4CAB-97E6-7C980D4B2DED}"
EndProject
Project("{2150E333-8FDC-42A3-9474-1A3956D46DE8}") = "Notification", "Notification", "{C5FBE174-8E0F-F5A3-B929-8BD0C55C0A32}"
EndProject
Project("{FAE04EC0-301F-11D3-BF4B-00C04F79EFBC}") = "Notification.API", "src\Services\Notification\Notification.API\Notification.API.csproj", "{AF96426A-39B5-4FDB-9361-39C21F2A1891}"
EndProject
Project("{FAE04EC0-301F-11D3-BF4B-00C04F79EFBC}") = "Notification.Domain", "src\Services\Notification\Notification.Domain\Notification.Domain.csproj", "{00D7EB1C-C12B-4A6C-A3D9-A71B0F04D106}"
EndProject
Project("{FAE04EC0-301F-11D3-BF4B-00C04F79EFBC}") = "Notification.Infrastructure", "src\Services\Notification\Notification.Infrastructure\Notification.Infrastructure.csproj", "{3B55F015-62A8-4822-9B3E-40557142F208}"
EndProject
Project("{FAE04EC0-301F-11D3-BF4B-00C04F79EFBC}") = "ApiGateway", "src\ApiGateway\ApiGateway.csproj", "{A153A807-A1F4-4D6C-89E2-B90AB74DF146}"
EndProject
Global
	GlobalSection(SolutionConfigurationPlatforms) = preSolution
		Debug|Any CPU = Debug|Any CPU
		Debug|x64 = Debug|x64
		Debug|x86 = Debug|x86
		Release|Any CPU = Release|Any CPU
		Release|x64 = Release|x64
		Release|x86 = Release|x86
	EndGlobalSection
	GlobalSection(ProjectConfigurationPlatforms) = postSolution
		{EDF1CC1F-00EA-47D1-A35E-EB5767F82928}.Debug|Any CPU.ActiveCfg = Debug|Any CPU
		{EDF1CC1F-00EA-47D1-A35E-EB5767F82928}.Debug|Any CPU.Build.0 = Debug|Any CPU
		{EDF1CC1F-00EA-47D1-A35E-EB5767F82928}.Debug|x64.ActiveCfg = Debug|Any CPU
		{EDF1CC1F-00EA-47D1-A35E-EB5767F82928}.Debug|x64.Build.0 = Debug|Any CPU
		{EDF1CC1F-00EA-47D1-A35E-EB5767F82928}.Debug|x86.ActiveCfg = Debug|Any CPU
		{EDF1CC1F-00EA-47D1-A35E-EB5767F82928}.Debug|x86.Build.0 = Debug|Any CPU
		{EDF1CC1F-00EA-47D1-A35E-EB5767F82928}.Release|Any CPU.ActiveCfg = Release|Any CPU
		{EDF1CC1F-00EA-47D1-A35E-EB5767F82928}.Release|Any CPU.Build.0 = Release|Any CPU
		{EDF1CC1F-00EA-47D1-A35E-EB5767F82928}.Release|x64.ActiveCfg = Release|Any CPU
		{EDF1CC1F-00EA-47D1-A35E-EB5767F82928}.Release|x64.Build.0 = Release|Any CPU
		{EDF1CC1F-00EA-47D1-A35E-EB5767F82928}.Release|x86.ActiveCfg = Release|Any CPU
		{EDF1CC1F-00EA-47D1-A35E-EB5767F82928}.Release|x86.Build.0 = Release|Any CPU
		{E0CD8D51-4CF0-4D82-9385-FCD7E48C786E}.Debug|Any CPU.ActiveCfg = Debug|Any CPU
		{E0CD8D51-4CF0-4D82-9385-FCD7E48C786E}.Debug|Any CPU.Build.0 = Debug|Any CPU
		{E0CD8D51-4CF0-4D82-9385-FCD7E48C786E}.Debug|x64.ActiveCfg = Debug|Any CPU
		{E0CD8D51-4CF0-4D82-9385-FCD7E48C786E}.Debug|x64.Build.0 = Debug|Any CPU
		{E0CD8D51-4CF0-4D82-9385-FCD7E48C786E}.Debug|x86.ActiveCfg = Debug|Any CPU
		{E0CD8D51-4CF0-4D82-9385-FCD7E48C786E}.Debug|x86.Build.0 = Debug|Any CPU
		{E0CD8D51-4CF0-4D82-9385-FCD7E48C786E}.Release|Any CPU.ActiveCfg = Release|Any CPU
		{E0CD8D51-4CF0-4D82-9385-FCD7E48C786E}.Release|Any CPU.Build.0 = Release|Any CPU
		{E0CD8D51-4CF0-4D82-9385-FCD7E48C786E}.Release|x64.ActiveCfg = Release|Any CPU
		{E0CD8D51-4CF0-4D82-9385-FCD7E48C786E}.Release|x64.Build.0 = Release|Any CPU
		{E0CD8D51-4CF0-4D82-9385-FCD7E48C786E}.Release|x86.ActiveCfg = Release|Any CPU
		{E0CD8D51-4CF0-4D82-9385-FCD7E48C786E}.Release|x86.Build.0 = Release|Any CPU
		{9E24C18A-10A6-4364-92B5-8F49B179EDBD}.Debug|Any CPU.ActiveCfg = Debug|Any CPU
		{9E24C18A-10A6-4364-92B5-8F49B179EDBD}.Debug|Any CPU.Build.0 = Debug|Any CPU
		{9E24C18A-10A6-4364-92B5-8F49B179EDBD}.Debug|x64.ActiveCfg = Debug|Any CPU
		{9E24C18A-10A6-4364-92B5-8F49B179EDBD}.Debug|x64.Build.0 = Debug|Any CPU
		{9E24C18A-10A6-4364-92B5-8F49B179EDBD}.Debug|x86.ActiveCfg = Debug|Any CPU
		{9E24C18A-10A6-4364-92B5-8F49B179EDBD}.Debug|x86.Build.0 = Debug|Any CPU
		{9E24C18A-10A6-4364-92B5-8F49B179EDBD}.Release|Any CPU.ActiveCfg = Release|Any CPU
		{9E24C18A-10A6-4364-92B5-8F49B179EDBD}.Release|Any CPU.Build.0 = Release|Any CPU
		{9E24C18A-10A6-4364-92B5-8F49B179EDBD}.Release|x64.ActiveCfg = Release|Any CPU
		{9E24C18A-10A6-4364-92B5-8F49B179EDBD}.Release|x64.Build.0 = Release|Any CPU
		{9E24C18A-10A6-4364-92B5-8F49B179EDBD}.Release|x86.ActiveCfg = Release|Any CPU
		{9E24C18A-10A6-4364-92B5-8F49B179EDBD}.Release|x86.Build.0 = Release|Any CPU
		{869CB542-6A34-443E-8572-E86512745F55}.Debug|Any CPU.ActiveCfg = Debug|Any CPU
		{869CB542-6A34-443E-8572-E86512745F55}.Debug|Any CPU.Build.0 = Debug|Any CPU
		{869CB542-6A34-443E-8572-E86512745F55}.Debug|x64.ActiveCfg = Debug|Any CPU
		{869CB542-6A34-443E-8572-E86512745F55}.Debug|x64.Build.0 = Debug|Any CPU
		{869CB542-6A34-443E-8572-E86512745F55}.Debug|x86.ActiveCfg = Debug|Any CPU
		{869CB542-6A34-443E-8572-E86512745F55}.Debug|x86.Build.0 = Debug|Any CPU
		{869CB542-6A34-443E-8572-E86512745F55}.Release|Any CPU.ActiveCfg = Release|Any CPU
		{869CB542-6A34-443E-8572-E86512745F55}.Release|Any CPU.Build.0 = Release|Any CPU
		{869CB542-6A34-443E-8572-E86512745F55}.Release|x64.ActiveCfg = Release|Any CPU
		{869CB542-6A34-443E-8572-E86512745F55}.Release|x64.Build.0 = Release|Any CPU
		{869CB542-6A34-443E-8572-E86512745F55}.Release|x86.ActiveCfg = Release|Any CPU
		{869CB542-6A34-443E-8572-E86512745F55}.Release|x86.Build.0 = Release|Any CPU
		{0742475A-DC6C-4A71-8E61-CA68684963B7}.Debug|Any CPU.ActiveCfg = Debug|Any CPU
		{0742475A-DC6C-4A71-8E61-CA68684963B7}.Debug|Any CPU.Build.0 = Debug|Any CPU
		{0742475A-DC6C-4A71-8E61-CA68684963B7}.Debug|x64.ActiveCfg = Debug|Any CPU
		{0742475A-DC6C-4A71-8E61-CA68684963B7}.Debug|x64.Build.0 = Debug|Any CPU
		{0742475A-DC6C-4A71-8E61-CA68684963B7}.Debug|x86.ActiveCfg = Debug|Any CPU
		{0742475A-DC6C-4A71-8E61-CA68684963B7}.Debug|x86.Build.0 = Debug|Any CPU
		{0742475A-DC6C-4A71-8E61-CA68684963B7}.Release|Any CPU.ActiveCfg = Release|Any CPU
		{0742475A-DC6C-4A71-8E61-CA68684963B7}.Release|Any CPU.Build.0 = Release|Any CPU
		{0742475A-DC6C-4A71-8E61-CA68684963B7}.Release|x64.ActiveCfg = Release|Any CPU
		{0742475A-DC6C-4A71-8E61-CA68684963B7}.Release|x64.Build.0 = Release|Any CPU
		{0742475A-DC6C-4A71-8E61-CA68684963B7}.Release|x86.ActiveCfg = Release|Any CPU
		{0742475A-DC6C-4A71-8E61-CA68684963B7}.Release|x86.Build.0 = Release|Any CPU
		{173761B4-ED04-49CD-80E8-D006F3FED36A}.Debug|Any CPU.ActiveCfg = Debug|Any CPU
		{173761B4-ED04-49CD-80E8-D006F3FED36A}.Debug|Any CPU.Build.0 = Debug|Any CPU
		{173761B4-ED04-49CD-80E8-D006F3FED36A}.Debug|x64.ActiveCfg = Debug|Any CPU
		{173761B4-ED04-49CD-80E8-D006F3FED36A}.Debug|x64.Build.0 = Debug|Any CPU
		{173761B4-ED04-49CD-80E8-D006F3FED36A}.Debug|x86.ActiveCfg = Debug|Any CPU
		{173761B4-ED04-49CD-80E8-D006F3FED36A}.Debug|x86.Build.0 = Debug|Any CPU
		{173761B4-ED04-49CD-80E8-D006F3FED36A}.Release|Any CPU.ActiveCfg = Release|Any CPU
		{173761B4-ED04-49CD-80E8-D006F3FED36A}.Release|Any CPU.Build.0 = Release|Any CPU
		{173761B4-ED04-49CD-80E8-D006F3FED36A}.Release|x64.ActiveCfg = Release|Any CPU
		{173761B4-ED04-49CD-80E8-D006F3FED36A}.Release|x64.Build.0 = Release|Any CPU
		{173761B4-ED04-49CD-80E8-D006F3FED36A}.Release|x86.ActiveCfg = Release|Any CPU
		{173761B4-ED04-49CD-80E8-D006F3FED36A}.Release|x86.Build.0 = Release|Any CPU
		{418F7676-634C-4442-83EB-FE7A6962791A}.Debug|Any CPU.ActiveCfg = Debug|Any CPU
		{418F7676-634C-4442-83EB-FE7A6962791A}.Debug|Any CPU.Build.0 = Debug|Any CPU
		{418F7676-634C-4442-83EB-FE7A6962791A}.Debug|x64.ActiveCfg = Debug|Any CPU
		{418F7676-634C-4442-83EB-FE7A6962791A}.Debug|x64.Build.0 = Debug|Any CPU
		{418F7676-634C-4442-83EB-FE7A6962791A}.Debug|x86.ActiveCfg = Debug|Any CPU
		{418F7676-634C-4442-83EB-FE7A6962791A}.Debug|x86.Build.0 = Debug|Any CPU
		{418F7676-634C-4442-83EB-FE7A6962791A}.Release|Any CPU.ActiveCfg = Release|Any CPU
		{418F7676-634C-4442-83EB-FE7A6962791A}.Release|Any CPU.Build.0 = Release|Any CPU
		{418F7676-634C-4442-83EB-FE7A6962791A}.Release|x64.ActiveCfg = Release|Any CPU
		{418F7676-634C-4442-83EB-FE7A6962791A}.Release|x64.Build.0 = Release|Any CPU
		{418F7676-634C-4442-83EB-FE7A6962791A}.Release|x86.ActiveCfg = Release|Any CPU
		{418F7676-634C-4442-83EB-FE7A6962791A}.Release|x86.Build.0 = Release|Any CPU
		{C0634F81-2A27-48E0-B76F-8659B136DF29}.Debug|Any CPU.ActiveCfg = Debug|Any CPU
		{C0634F81-2A27-48E0-B76F-8659B136DF29}.Debug|Any CPU.Build.0 = Debug|Any CPU
		{C0634F81-2A27-48E0-B76F-8659B136DF29}.Debug|x64.ActiveCfg = Debug|Any CPU
		{C0634F81-2A27-48E0-B76F-8659B136DF29}.Debug|x64.Build.0 = Debug|Any CPU
		{C0634F81-2A27-48E0-B76F-8659B136DF29}.Debug|x86.ActiveCfg = Debug|Any CPU
		{C0634F81-2A27-48E0-B76F-8659B136DF29}.Debug|x86.Build.0 = Debug|Any CPU
		{C0634F81-2A27-48E0-B76F-8659B136DF29}.Release|Any CPU.ActiveCfg = Release|Any CPU
		{C0634F81-2A27-48E0-B76F-8659B136DF29}.Release|Any CPU.Build.0 = Release|Any CPU
		{C0634F81-2A27-48E0-B76F-8659B136DF29}.Release|x64.ActiveCfg = Release|Any CPU
		{C0634F81-2A27-48E0-B76F-8659B136DF29}.Release|x64.Build.0 = Release|Any CPU
		{C0634F81-2A27-48E0-B76F-8659B136DF29}.Release|x86.ActiveCfg = Release|Any CPU
		{C0634F81-2A27-48E0-B76F-8659B136DF29}.Release|x86.Build.0 = Release|Any CPU
		{DBED5041-72FF-4848-B840-77458D425321}.Debug|Any CPU.ActiveCfg = Debug|Any CPU
		{DBED5041-72FF-4848-B840-77458D425321}.Debug|Any CPU.Build.0 = Debug|Any CPU
		{DBED5041-72FF-4848-B840-77458D425321}.Debug|x64.ActiveCfg = Debug|Any CPU
		{DBED5041-72FF-4848-B840-77458D425321}.Debug|x64.Build.0 = Debug|Any CPU
		{DBED5041-72FF-4848-B840-77458D425321}.Debug|x86.ActiveCfg = Debug|Any CPU
		{DBED5041-72FF-4848-B840-77458D425321}.Debug|x86.Build.0 = Debug|Any CPU
		{DBED5041-72FF-4848-B840-77458D425321}.Release|Any CPU.ActiveCfg = Release|Any CPU
		{DBED5041-72FF-4848-B840-77458D425321}.Release|Any CPU.Build.0 = Release|Any CPU
		{DBED5041-72FF-4848-B840-77458D425321}.Release|x64.ActiveCfg = Release|Any CPU
		{DBED5041-72FF-4848-B840-77458D425321}.Release|x64.Build.0 = Release|Any CPU
		{DBED5041-72FF-4848-B840-77458D425321}.Release|x86.ActiveCfg = Release|Any CPU
		{DBED5041-72FF-4848-B840-77458D425321}.Release|x86.Build.0 = Release|Any CPU
		{5EAC2A0F-71C4-4798-B107-79401059AF87}.Debug|Any CPU.ActiveCfg = Debug|Any CPU
		{5EAC2A0F-71C4-4798-B107-79401059AF87}.Debug|Any CPU.Build.0 = Debug|Any CPU
		{5EAC2A0F-71C4-4798-B107-79401059AF87}.Debug|x64.ActiveCfg = Debug|Any CPU
		{5EAC2A0F-71C4-4798-B107-79401059AF87}.Debug|x64.Build.0 = Debug|Any CPU
		{5EAC2A0F-71C4-4798-B107-79401059AF87}.Debug|x86.ActiveCfg = Debug|Any CPU
		{5EAC2A0F-71C4-4798-B107-79401059AF87}.Debug|x86.Build.0 = Debug|Any CPU
		{5EAC2A0F-71C4-4798-B107-79401059AF87}.Release|Any CPU.ActiveCfg = Release|Any CPU
		{5EAC2A0F-71C4-4798-B107-79401059AF87}.Release|Any CPU.Build.0 = Release|Any CPU
		{5EAC2A0F-71C4-4798-B107-79401059AF87}.Release|x64.ActiveCfg = Release|Any CPU
		{5EAC2A0F-71C4-4798-B107-79401059AF87}.Release|x64.Build.0 = Release|Any CPU
		{5EAC2A0F-71C4-4798-B107-79401059AF87}.Release|x86.ActiveCfg = Release|Any CPU
		{5EAC2A0F-71C4-4798-B107-79401059AF87}.Release|x86.Build.0 = Release|Any CPU
		{747BEA04-3FE1-4AA1-B5D1-D1BFF0A0A070}.Debug|Any CPU.ActiveCfg = Debug|Any CPU
		{747BEA04-3FE1-4AA1-B5D1-D1BFF0A0A070}.Debug|Any CPU.Build.0 = Debug|Any CPU
		{747BEA04-3FE1-4AA1-B5D1-D1BFF0A0A070}.Debug|x64.ActiveCfg = Debug|Any CPU
		{747BEA04-3FE1-4AA1-B5D1-D1BFF0A0A070}.Debug|x64.Build.0 = Debug|Any CPU
		{747BEA04-3FE1-4AA1-B5D1-D1BFF0A0A070}.Debug|x86.ActiveCfg = Debug|Any CPU
		{747BEA04-3FE1-4AA1-B5D1-D1BFF0A0A070}.Debug|x86.Build.0 = Debug|Any CPU
		{747BEA04-3FE1-4AA1-B5D1-D1BFF0A0A070}.Release|Any CPU.ActiveCfg = Release|Any CPU
		{747BEA04-3FE1-4AA1-B5D1-D1BFF0A0A070}.Release|Any CPU.Build.0 = Release|Any CPU
		{747BEA04-3FE1-4AA1-B5D1-D1BFF0A0A070}.Release|x64.ActiveCfg = Release|Any CPU
		{747BEA04-3FE1-4AA1-B5D1-D1BFF0A0A070}.Release|x64.Build.0 = Release|Any CPU
		{747BEA04-3FE1-4AA1-B5D1-D1BFF0A0A070}.Release|x86.ActiveCfg = Release|Any CPU
		{747BEA04-3FE1-4AA1-B5D1-D1BFF0A0A070}.Release|x86.Build.0 = Release|Any CPU
		{E95986C8-0321-4CAB-97E6-7C980D4B2DED}.Debug|Any CPU.ActiveCfg = Debug|Any CPU
		{E95986C8-0321-4CAB-97E6-7C980D4B2DED}.Debug|Any CPU.Build.0 = Debug|Any CPU
		{E95986C8-0321-4CAB-97E6-7C980D4B2DED}.Debug|x64.ActiveCfg = Debug|Any CPU
		{E95986C8-0321-4CAB-97E6-7C980D4B2DED}.Debug|x64.Build.0 = Debug|Any CPU
		{E95986C8-0321-4CAB-97E6-7C980D4B2DED}.Debug|x86.ActiveCfg = Debug|Any CPU
		{E95986C8-0321-4CAB-97E6-7C980D4B2DED}.Debug|x86.Build.0 = Debug|Any CPU
		{E95986C8-0321-4CAB-97E6-7C980D4B2DED}.Release|Any CPU.ActiveCfg = Release|Any CPU
		{E95986C8-0321-4CAB-97E6-7C980D4B2DED}.Release|Any CPU.Build.0 = Release|Any CPU
		{E95986C8-0321-4CAB-97E6-7C980D4B2DED}.Release|x64.ActiveCfg = Release|Any CPU
		{E95986C8-0321-4CAB-97E6-7C980D4B2DED}.Release|x64.Build.0 = Release|Any CPU
		{E95986C8-0321-4CAB-97E6-7C980D4B2DED}.Release|x86.ActiveCfg = Release|Any CPU
		{E95986C8-0321-4CAB-97E6-7C980D4B2DED}.Release|x86.Build.0 = Release|Any CPU
		{AF96426A-39B5-4FDB-9361-39C21F2A1891}.Debug|Any CPU.ActiveCfg = Debug|Any CPU
		{AF96426A-39B5-4FDB-9361-39C21F2A1891}.Debug|Any CPU.Build.0 = Debug|Any CPU
		{AF96426A-39B5-4FDB-9361-39C21F2A1891}.Debug|x64.ActiveCfg = Debug|Any CPU
		{AF96426A-39B5-4FDB-9361-39C21F2A1891}.Debug|x64.Build.0 = Debug|Any CPU
		{AF96426A-39B5-4FDB-9361-39C21F2A1891}.Debug|x86.ActiveCfg = Debug|Any CPU
		{AF96426A-39B5-4FDB-9361-39C21F2A1891}.Debug|x86.Build.0 = Debug|Any CPU
		{AF96426A-39B5-4FDB-9361-39C21F2A1891}.Release|Any CPU.ActiveCfg = Release|Any CPU
		{AF96426A-39B5-4FDB-9361-39C21F2A1891}.Release|Any CPU.Build.0 = Release|Any CPU
		{AF96426A-39B5-4FDB-9361-39C21F2A1891}.Release|x64.ActiveCfg = Release|Any CPU
		{AF96426A-39B5-4FDB-9361-39C21F2A1891}.Release|x64.Build.0 = Release|Any CPU
		{AF96426A-39B5-4FDB-9361-39C21F2A1891}.Release|x86.ActiveCfg = Release|Any CPU
		{AF96426A-39B5-4FDB-9361-39C21F2A1891}.Release|x86.Build.0 = Release|Any CPU
		{00D7EB1C-C12B-4A6C-A3D9-A71B0F04D106}.Debug|Any CPU.ActiveCfg = Debug|Any CPU
		{00D7EB1C-C12B-4A6C-A3D9-A71B0F04D106}.Debug|Any CPU.Build.0 = Debug|Any CPU
		{00D7EB1C-C12B-4A6C-A3D9-A71B0F04D106}.Debug|x64.ActiveCfg = Debug|Any CPU
		{00D7EB1C-C12B-4A6C-A3D9-A71B0F04D106}.Debug|x64.Build.0 = Debug|Any CPU
		{00D7EB1C-C12B-4A6C-A3D9-A71B0F04D106}.Debug|x86.ActiveCfg = Debug|Any CPU
		{00D7EB1C-C12B-4A6C-A3D9-A71B0F04D106}.Debug|x86.Build.0 = Debug|Any CPU
		{00D7EB1C-C12B-4A6C-A3D9-A71B0F04D106}.Release|Any CPU.ActiveCfg = Release|Any CPU
		{00D7EB1C-C12B-4A6C-A3D9-A71B0F04D106}.Release|Any CPU.Build.0 = Release|Any CPU
		{00D7EB1C-C12B-4A6C-A3D9-A71B0F04D106}.Release|x64.ActiveCfg = Release|Any CPU
		{00D7EB1C-C12B-4A6C-A3D9-A71B0F04D106}.Release|x64.Build.0 = Release|Any CPU
		{00D7EB1C-C12B-4A6C-A3D9-A71B0F04D106}.Release|x86.ActiveCfg = Release|Any CPU
		{00D7EB1C-C12B-4A6C-A3D9-A71B0F04D106}.Release|x86.Build.0 = Release|Any CPU
		{3B55F015-62A8-4822-9B3E-40557142F208}.Debug|Any CPU.ActiveCfg = Debug|Any CPU
		{3B55F015-62A8-4822-9B3E-40557142F208}.Debug|Any CPU.Build.0 = Debug|Any CPU
		{3B55F015-62A8-4822-9B3E-40557142F208}.Debug|x64.ActiveCfg = Debug|Any CPU
		{3B55F015-62A8-4822-9B3E-40557142F208}.Debug|x64.Build.0 = Debug|Any CPU
		{3B55F015-62A8-4822-9B3E-40557142F208}.Debug|x86.ActiveCfg = Debug|Any CPU
		{3B55F015-62A8-4822-9B3E-40557142F208}.Debug|x86.Build.0 = Debug|Any CPU
		{3B55F015-62A8-4822-9B3E-40557142F208}.Release|Any CPU.ActiveCfg = Release|Any CPU
		{3B55F015-62A8-4822-9B3E-40557142F208}.Release|Any CPU.Build.0 = Release|Any CPU
		{3B55F015-62A8-4822-9B3E-40557142F208}.Release|x64.ActiveCfg = Release|Any CPU
		{3B55F015-62A8-4822-9B3E-40557142F208}.Release|x64.Build.0 = Release|Any CPU
		{3B55F015-62A8-4822-9B3E-40557142F208}.Release|x86.ActiveCfg = Release|Any CPU
		{3B55F015-62A8-4822-9B3E-40557142F208}.Release|x86.Build.0 = Release|Any CPU
		{A153A807-A1F4-4D6C-89E2-B90AB74DF146}.Debug|Any CPU.ActiveCfg = Debug|Any CPU
		{A153A807-A1F4-4D6C-89E2-B90AB74DF146}.Debug|Any CPU.Build.0 = Debug|Any CPU
		{A153A807-A1F4-4D6C-89E2-B90AB74DF146}.Debug|x64.ActiveCfg = Debug|Any CPU
		{A153A807-A1F4-4D6C-89E2-B90AB74DF146}.Debug|x64.Build.0 = Debug|Any CPU
		{A153A807-A1F4-4D6C-89E2-B90AB74DF146}.Debug|x86.ActiveCfg = Debug|Any CPU
		{A153A807-A1F4-4D6C-89E2-B90AB74DF146}.Debug|x86.Build.0 = Debug|Any CPU
		{A153A807-A1F4-4D6C-89E2-B90AB74DF146}.Release|Any CPU.ActiveCfg = Release|Any CPU
		{A153A807-A1F4-4D6C-89E2-B90AB74DF146}.Release|Any CPU.Build.0 = Release|Any CPU
		{A153A807-A1F4-4D6C-89E2-B90AB74DF146}.Release|x64.ActiveCfg = Release|Any CPU
		{A153A807-A1F4-4D6C-89E2-B90AB74DF146}.Release|x64.Build.0 = Release|Any CPU
		{A153A807-A1F4-4D6C-89E2-B90AB74DF146}.Release|x86.ActiveCfg = Release|Any CPU
		{A153A807-A1F4-4D6C-89E2-B90AB74DF146}.Release|x86.Build.0 = Release|Any CPU
	EndGlobalSection
	GlobalSection(SolutionProperties) = preSolution
		HideSolutionNode = FALSE
	EndGlobalSection
	GlobalSection(NestedProjects) = preSolution
		{90298CBA-BD6F-3A0A-69D5-97CAD7B05E7E} = {827E0CD3-B72D-47B6-A68D-7590B98EB39B}
		{EDF1CC1F-00EA-47D1-A35E-EB5767F82928} = {90298CBA-BD6F-3A0A-69D5-97CAD7B05E7E}
		{E0CD8D51-4CF0-4D82-9385-FCD7E48C786E} = {90298CBA-BD6F-3A0A-69D5-97CAD7B05E7E}
		{9E24C18A-10A6-4364-92B5-8F49B179EDBD} = {90298CBA-BD6F-3A0A-69D5-97CAD7B05E7E}
		{984BB9B3-3FA3-BE33-9484-CAC21695A33C} = {827E0CD3-B72D-47B6-A68D-7590B98EB39B}
		{473EF3C4-73FA-6715-AA3C-7C7929374EED} = {984BB9B3-3FA3-BE33-9484-CAC21695A33C}
		{869CB542-6A34-443E-8572-E86512745F55} = {473EF3C4-73FA-6715-AA3C-7C7929374EED}
		{0742475A-DC6C-4A71-8E61-CA68684963B7} = {473EF3C4-73FA-6715-AA3C-7C7929374EED}
		{173761B4-ED04-49CD-80E8-D006F3FED36A} = {473EF3C4-73FA-6715-AA3C-7C7929374EED}
		{6792783D-ADFB-1DC9-8301-92642CD8F804} = {984BB9B3-3FA3-BE33-9484-CAC21695A33C}
		{418F7676-634C-4442-83EB-FE7A6962791A} = {6792783D-ADFB-1DC9-8301-92642CD8F804}
		{C0634F81-2A27-48E0-B76F-8659B136DF29} = {6792783D-ADFB-1DC9-8301-92642CD8F804}
		{DBED5041-72FF-4848-B840-77458D425321} = {6792783D-ADFB-1DC9-8301-92642CD8F804}
		{3FB03296-F262-2760-9861-73C41AF3766C} = {984BB9B3-3FA3-BE33-9484-CAC21695A33C}
		{5EAC2A0F-71C4-4798-B107-79401059AF87} = {3FB03296-F262-2760-9861-73C41AF3766C}
		{747BEA04-3FE1-4AA1-B5D1-D1BFF0A0A070} = {3FB03296-F262-2760-9861-73C41AF3766C}
		{E95986C8-0321-4CAB-97E6-7C980D4B2DED} = {3FB03296-F262-2760-9861-73C41AF3766C}
		{C5FBE174-8E0F-F5A3-B929-8BD0C55C0A32} = {984BB9B3-3FA3-BE33-9484-CAC21695A33C}
		{AF96426A-39B5-4FDB-9361-39C21F2A1891} = {C5FBE174-8E0F-F5A3-B929-8BD0C55C0A32}
		{00D7EB1C-C12B-4A6C-A3D9-A71B0F04D106} = {C5FBE174-8E0F-F5A3-B929-8BD0C55C0A32}
		{3B55F015-62A8-4822-9B3E-40557142F208} = {C5FBE174-8E0F-F5A3-B929-8BD0C55C0A32}
		{A153A807-A1F4-4D6C-89E2-B90AB74DF146} = {827E0CD3-B72D-47B6-A68D-7590B98EB39B}
	EndGlobalSection
EndGlobal
